#MicroXplorer Configuration settings - do not modify
ADC1.Channel-0\#ChannelRegularConversion=ADC_CHANNEL_3
ADC1.Channel-1\#ChannelRegularConversion=ADC_CHANNEL_4
ADC1.Channel-2\#ChannelRegularConversion=ADC_CHANNEL_11
ADC1.Channel-3\#ChannelRegularConversion=ADC_CHANNEL_12
ADC1.Channel-4\#ChannelRegularConversion=ADC_CHANNEL_13
ADC1.ClockPrescaler=ADC_CLOCK_SYNC_PCLK_DIV4
ADC1.ContinuousConvMode=ENABLE
ADC1.DMAContinuousRequests=ENABLE
ADC1.EOCSelection=ADC_EOC_SEQ_CONV
ADC1.IPParameters=Rank-0\#ChannelRegularConversion,Channel-0\#ChannelRegularConversion,SamplingTime-0\#ChannelRegularConversion,OffsetNumber-0\#ChannelRegularConversion,Offset-0\#ChannelRegularConversion,NbrOfConversionFlag,master,ClockPrescaler,ContinuousConvMode,DMAContinuousRequests,EOCSelection,Rank-1\#ChannelRegularConversion,Channel-1\#ChannelRegularConversion,SamplingTime-1\#ChannelRegularConversion,SamplingTimeOPAMP-1\#ChannelRegularConversion,OffsetNumber-1\#ChannelRegularConversion,Offset-1\#ChannelRegularConversion,Rank-2\#ChannelRegularConversion,Channel-2\#ChannelRegularConversion,SamplingTime-2\#ChannelRegularConversion,SamplingTimeOPAMP-2\#ChannelRegularConversion,OffsetNumber-2\#ChannelRegularConversion,Offset-2\#ChannelRegularConversion,Rank-3\#ChannelRegularConversion,Channel-3\#ChannelRegularConversion,SamplingTime-3\#ChannelRegularConversion,SamplingTimeOPAMP-3\#ChannelRegularConversion,OffsetNumber-3\#ChannelRegularConversion,Offset-3\#ChannelRegularConversion,Rank-4\#ChannelRegularConversion,Channel-4\#ChannelRegularConversion,SamplingTime-4\#ChannelRegularConversion,SamplingTimeOPAMP-4\#ChannelRegularConversion,OffsetNumber-4\#ChannelRegularConversion,Offset-4\#ChannelRegularConversion,NbrOfConversion,SubFamily
ADC1.NbrOfConversion=5
ADC1.NbrOfConversionFlag=1
ADC1.Offset-0\#ChannelRegularConversion=0
ADC1.Offset-1\#ChannelRegularConversion=0
ADC1.Offset-2\#ChannelRegularConversion=0
ADC1.Offset-3\#ChannelRegularConversion=0
ADC1.Offset-4\#ChannelRegularConversion=0
ADC1.OffsetNumber-0\#ChannelRegularConversion=ADC_OFFSET_NONE
ADC1.OffsetNumber-1\#ChannelRegularConversion=ADC_OFFSET_NONE
ADC1.OffsetNumber-2\#ChannelRegularConversion=ADC_OFFSET_NONE
ADC1.OffsetNumber-3\#ChannelRegularConversion=ADC_OFFSET_NONE
ADC1.OffsetNumber-4\#ChannelRegularConversion=ADC_OFFSET_NONE
ADC1.Rank-0\#ChannelRegularConversion=1
ADC1.Rank-1\#ChannelRegularConversion=2
ADC1.Rank-2\#ChannelRegularConversion=3
ADC1.Rank-3\#ChannelRegularConversion=4
ADC1.Rank-4\#ChannelRegularConversion=5
ADC1.SamplingTime-0\#ChannelRegularConversion=ADC_SAMPLETIME_601CYCLES_5
ADC1.SamplingTime-1\#ChannelRegularConversion=ADC_SAMPLETIME_601CYCLES_5
ADC1.SamplingTime-2\#ChannelRegularConversion=ADC_SAMPLETIME_601CYCLES_5
ADC1.SamplingTime-3\#ChannelRegularConversion=ADC_SAMPLETIME_601CYCLES_5
ADC1.SamplingTime-4\#ChannelRegularConversion=ADC_SAMPLETIME_601CYCLES_5
ADC1.SamplingTimeOPAMP-1\#ChannelRegularConversion=ADC_SAMPLETIME_7CYCLES_5
ADC1.SamplingTimeOPAMP-2\#ChannelRegularConversion=ADC_SAMPLETIME_7CYCLES_5
ADC1.SamplingTimeOPAMP-3\#ChannelRegularConversion=ADC_SAMPLETIME_7CYCLES_5
ADC1.SamplingTimeOPAMP-4\#ChannelRegularConversion=ADC_SAMPLETIME_7CYCLES_5
ADC1.SubFamily=STM32F334x8
ADC1.master=1
CAN.ABOM=ENABLE
CAN.BS1=CAN_BS1_7TQ
CAN.BS2=CAN_BS2_4TQ
CAN.CalculateBaudRate=999999
CAN.CalculateTimeBit=1000
CAN.CalculateTimeQuantum=83.33333333333334
CAN.IPParameters=CalculateTimeQuantum,CalculateTimeBit,CalculateBaudRate,Prescaler,BS1,BS2,ABOM,NART,TXFP
CAN.NART=ENABLE
CAN.Prescaler=3
CAN.TXFP=ENABLE
Dma.ADC1.0.Direction=DMA_PERIPH_TO_MEMORY
Dma.ADC1.0.Instance=DMA1_Channel1
Dma.ADC1.0.MemDataAlignment=DMA_MDATAALIGN_WORD
Dma.ADC1.0.MemInc=DMA_MINC_ENABLE
Dma.ADC1.0.Mode=DMA_CIRCULAR
Dma.ADC1.0.PeriphDataAlignment=DMA_PDATAALIGN_WORD
Dma.ADC1.0.PeriphInc=DMA_PINC_DISABLE
Dma.ADC1.0.Priority=DMA_PRIORITY_LOW
Dma.ADC1.0.RequestParameters=Instance,Direction,PeriphInc,MemInc,PeriphDataAlignment,MemDataAlignment,Mode,Priority
Dma.Request0=ADC1
Dma.Request1=USART2_TX
Dma.RequestsNb=2
Dma.USART2_TX.1.Direction=DMA_MEMORY_TO_PERIPH
Dma.USART2_TX.1.Instance=DMA1_Channel7
Dma.USART2_TX.1.MemDataAlignment=DMA_MDATAALIGN_BYTE
Dma.USART2_TX.1.MemInc=DMA_MINC_ENABLE
Dma.USART2_TX.1.Mode=DMA_NORMAL
Dma.USART2_TX.1.PeriphDataAlignment=DMA_PDATAALIGN_BYTE
Dma.USART2_TX.1.PeriphInc=DMA_PINC_DISABLE
Dma.USART2_TX.1.Priority=DMA_PRIORITY_LOW
Dma.USART2_TX.1.RequestParameters=Instance,Direction,PeriphInc,MemInc,PeriphDataAlignment,MemDataAlignment,Mode,Priority
File.Version=6
GPIO.groupedBy=
HRTIM1.CompareUnit1-Output_TA1TA2=HRTIM_COMPAREUNIT_1
HRTIM1.CompareUnit1-Output_TD1TD2=HRTIM_COMPAREUNIT_1
HRTIM1.CompareUnit2-Output_TA1TA2=HRTIM_COMPAREUNIT_2
HRTIM1.CompareUnit2-Output_TD1TD2=HRTIM_COMPAREUNIT_2
HRTIM1.CompareValue1-Output_TA1TA2=46080
HRTIM1.CompareValue1-Output_TD1TD2=46080
HRTIM1.CompareValue2-Output_TA1TA2=46080
HRTIM1.CompareValue2-Output_TD1TD2=46080
HRTIM1.DeadTimeInsertion-Output_TA1TA2=HRTIM_TIMDEADTIMEINSERTION_ENABLED
HRTIM1.DeadTimeInsertion-Output_TD1TD2=HRTIM_TIMDEADTIMEINSERTION_ENABLED
HRTIM1.FallingValue-Output_TA1TA2=300
HRTIM1.FallingValue-Output_TD1TD2=200
HRTIM1.IPParameters=Periode_TA,PreloadEnable-Output_TA1TA2,RepetitionUpdate-Output_TA1TA2,DeadTimeInsertion-Output_TA1TA2,NumberResetTrigger-Output_TA1TA2,ResetTrigger1-Output_TA1TA2,CompareUnit1-Output_TA1TA2,CompareUnit2-Output_TA1TA2,CompareValue1-Output_TA1TA2,CompareValue2-Output_TA1TA2,RisingValue-Output_TA1TA2,FallingValue-Output_TA1TA2,NumberSetSource1-Output_TA1TA2,NumberResetSource1-Output_TA1TA2,SetOutput1_Source1-Output_TA1TA2,ResetOutput1_Source1-Output_TA1TA2,Periode_TD,PreloadEnable-Output_TD1TD2,RepetitionUpdate-Output_TD1TD2,NumberResetTrigger-Output_TD1TD2,ResetTrigger1-Output_TD1TD2,CompareUnit1-Output_TD1TD2,CompareUnit2-Output_TD1TD2,CompareValue1-Output_TD1TD2,CompareValue2-Output_TD1TD2,DeadTimeInsertion-Output_TD1TD2,RisingValue-Output_TD1TD2,FallingValue-Output_TD1TD2,NumberSetSource1-Output_TD1TD2,NumberResetSource1-Output_TD1TD2,SetOutput1_Source1-Output_TD1TD2,ResetOutput1_Source1-Output_TD1TD2,PreloadEnable-MasterTimer,RepetitionUpdate-MasterTimer,PrescalerRatio_TA,PrescalerRatio_TD,PrescalerRatio_MASTER,Periode_MASTER,PrescalerDead-Output_TD1TD2
HRTIM1.NumberResetSource1-Output_TA1TA2=1
HRTIM1.NumberResetSource1-Output_TD1TD2=1
HRTIM1.NumberResetTrigger-Output_TA1TA2=1
HRTIM1.NumberResetTrigger-Output_TD1TD2=1
HRTIM1.NumberSetSource1-Output_TA1TA2=1
HRTIM1.NumberSetSource1-Output_TD1TD2=1
HRTIM1.Periode_MASTER=46080
HRTIM1.Periode_TA=46080
HRTIM1.Periode_TD=46080
HRTIM1.PreloadEnable-MasterTimer=HRTIM_PRELOAD_ENABLED
HRTIM1.PreloadEnable-Output_TA1TA2=HRTIM_PRELOAD_ENABLED
HRTIM1.PreloadEnable-Output_TD1TD2=HRTIM_PRELOAD_ENABLED
HRTIM1.PrescalerDead-Output_TD1TD2=HRTIM_TIMDEADTIME_PRESCALERRATIO_MUL4
HRTIM1.PrescalerRatio_MASTER=HRTIM_PRESCALERRATIO_MUL32
HRTIM1.PrescalerRatio_TA=HRTIM_PRESCALERRATIO_MUL32
HRTIM1.PrescalerRatio_TD=HRTIM_PRESCALERRATIO_MUL32
HRTIM1.RepetitionUpdate-MasterTimer=HRTIM_UPDATEONREPETITION_ENABLED
HRTIM1.RepetitionUpdate-Output_TA1TA2=HRTIM_UPDATEONREPETITION_ENABLED
HRTIM1.RepetitionUpdate-Output_TD1TD2=HRTIM_UPDATEONREPETITION_ENABLED
HRTIM1.ResetOutput1_Source1-Output_TA1TA2=HRTIM_OUTPUTRESET_TIMCMP2
HRTIM1.ResetOutput1_Source1-Output_TD1TD2=HRTIM_OUTPUTRESET_TIMCMP2
HRTIM1.ResetTrigger1-Output_TA1TA2=HRTIM_TIMRESETTRIGGER_MASTER_PER
HRTIM1.ResetTrigger1-Output_TD1TD2=HRTIM_TIMRESETTRIGGER_MASTER_PER
HRTIM1.RisingValue-Output_TA1TA2=300
HRTIM1.RisingValue-Output_TD1TD2=200
HRTIM1.SetOutput1_Source1-Output_TA1TA2=HRTIM_OUTPUTSET_TIMCMP1
HRTIM1.SetOutput1_Source1-Output_TD1TD2=HRTIM_OUTPUTSET_TIMCMP1
KeepUserPlacement=false
Mcu.Family=STM32F3
Mcu.IP0=ADC1
Mcu.IP1=CAN
Mcu.IP2=DMA
Mcu.IP3=HRTIM1
Mcu.IP4=NVIC
Mcu.IP5=RCC
Mcu.IP6=SYS
Mcu.IP7=TIM2
Mcu.IP8=USART2
Mcu.IPNb=9
Mcu.Name=STM32F334C(4-6-8)Tx
Mcu.Package=LQFP48
Mcu.Pin0=PF0 / OSC_IN
Mcu.Pin1=PF1 / OSC_OUT
Mcu.Pin10=PA9
Mcu.Pin11=PA11
Mcu.Pin12=PA12
Mcu.Pin13=PA13
Mcu.Pin14=PA14
Mcu.Pin15=PA15
Mcu.Pin16=PB3
Mcu.Pin17=VP_HRTIM1_VS_hrtimMasterTimerNoOutput
Mcu.Pin18=VP_SYS_VS_Systick
Mcu.Pin19=VP_TIM2_VS_ClockSourceINT
Mcu.Pin2=PA2
Mcu.Pin3=PA3
Mcu.Pin4=PB0
Mcu.Pin5=PB1
Mcu.Pin6=PB13
Mcu.Pin7=PB14
Mcu.Pin8=PB15
Mcu.Pin9=PA8
Mcu.PinsNb=20
Mcu.ThirdPartyNb=0
Mcu.UserConstants=
Mcu.UserName=STM32F334C8Tx
MxCube.Version=6.4.0
MxDb.Version=DB.6.0.40
NVIC.ADC1_2_IRQn=true\:0\:0\:false\:false\:true\:true\:true
NVIC.BusFault_IRQn=true\:0\:0\:false\:false\:true\:false\:false
NVIC.CAN_RX0_IRQn=true\:0\:0\:false\:false\:true\:true\:true
NVIC.DMA1_Channel1_IRQn=true\:0\:0\:false\:false\:true\:false\:true
NVIC.DMA1_Channel7_IRQn=true\:0\:0\:false\:false\:true\:false\:true
NVIC.DebugMonitor_IRQn=true\:0\:0\:false\:false\:true\:false\:false
NVIC.ForceEnableDMAVector=true
NVIC.HardFault_IRQn=true\:0\:0\:false\:false\:true\:false\:false
NVIC.MemoryManagement_IRQn=true\:0\:0\:false\:false\:true\:false\:false
NVIC.NonMaskableInt_IRQn=true\:0\:0\:false\:false\:true\:false\:false
NVIC.PendSV_IRQn=true\:0\:0\:false\:false\:true\:false\:false
NVIC.PriorityGroup=NVIC_PRIORITYGROUP_4
NVIC.SVCall_IRQn=true\:0\:0\:false\:false\:true\:false\:false
NVIC.SysTick_IRQn=true\:15\:0\:false\:false\:true\:false\:true
NVIC.TIM2_IRQn=true\:0\:0\:false\:false\:true\:true\:true
NVIC.UsageFault_IRQn=true\:0\:0\:false\:false\:true\:false\:false
PA11.Mode=CAN_Activate
PA11.Signal=CAN_RX
PA12.Mode=CAN_Activate
PA12.Signal=CAN_TX
PA13.Mode=Serial_Wire
PA13.Signal=SYS_JTMS-SWDIO
PA14.Mode=Serial_Wire
PA14.Signal=SYS_JTCK-SWCLK
PA15.Mode=Asynchronous
PA15.Signal=USART2_RX
PA2.Mode=IN3-Single-Ended
PA2.Signal=ADC1_IN3
PA3.Mode=IN4-Single-Ended
PA3.Signal=ADC1_IN4
PA8.Mode=Output_TA1TA2
PA8.Signal=HRTIM1_CHA1
PA9.Mode=Output_TA1TA2
PA9.Signal=HRTIM1_CHA2
PB0.Mode=IN11-Single-Ended
PB0.Signal=ADC1_IN11
PB1.Mode=IN12-Single-Ended
PB1.Signal=ADC1_IN12
PB13.Mode=IN13-Single-Ended
PB13.Signal=ADC1_IN13
PB14.Mode=Output_TD1TD2
PB14.Signal=HRTIM1_CHD1
PB15.Mode=Output_TD1TD2
PB15.Signal=HRTIM1_CHD2
PB3.Mode=Asynchronous
PB3.Signal=USART2_TX
PF0\ /\ OSC_IN.Mode=HSE-External-Oscillator
PF0\ /\ OSC_IN.Signal=RCC_OSC_IN
PF1\ /\ OSC_OUT.Mode=HSE-External-Oscillator
PF1\ /\ OSC_OUT.Signal=RCC_OSC_OUT
PinOutPanel.RotationAngle=0
ProjectManager.AskForMigrate=true
ProjectManager.BackupPrevious=false
ProjectManager.CompilerOptimize=6
ProjectManager.ComputerToolchain=false
ProjectManager.CoupleFile=true
ProjectManager.CustomerFirmwarePackage=
ProjectManager.DefaultFWLocation=true
ProjectManager.DeletePrevious=true
ProjectManager.DeviceId=STM32F334C8Tx
ProjectManager.FirmwarePackage=STM32Cube FW_F3 V1.11.4
ProjectManager.FreePins=false
ProjectManager.HalAssertFull=false
ProjectManager.HeapSize=0x200
ProjectManager.KeepUserCode=true
ProjectManager.LastFirmware=true
ProjectManager.LibraryCopy=0
ProjectManager.MainLocation=Core/Src
ProjectManager.NoMain=false
ProjectManager.PreviousToolchain=
ProjectManager.ProjectBuild=false
ProjectManager.ProjectFileName=F334_series.ioc
ProjectManager.ProjectName=F334_series
ProjectManager.RegisterCallBack=
ProjectManager.StackSize=0x400
ProjectManager.TargetToolchain=MDK-ARM V5.32
ProjectManager.ToolChainLocation=
ProjectManager.UnderRoot=false
ProjectManager.functionlistsort=1-MX_GPIO_Init-GPIO-false-HAL-true,2-SystemClock_Config-RCC-false-HAL-false,3-MX_DMA_Init-DMA-false-HAL-true,4-MX_ADC1_Init-ADC1-false-HAL-true,5-MX_HRTIM1_Init-HRTIM1-false-HAL-true,6-MX_TIM2_Init-TIM2-false-HAL-true,7-MX_USART2_UART_Init-USART2-false-HAL-true,8-MX_CAN_Init-CAN-false-HAL-true
RCC.ADC12outputFreq_Value=72000000
RCC.AHBFreq_Value=72000000
RCC.APB1CLKDivider=RCC_HCLK_DIV2
RCC.APB1Freq_Value=36000000
RCC.APB1TimFreq_Value=72000000
RCC.APB2Freq_Value=72000000
RCC.APB2TimFreq_Value=72000000
RCC.CortexFreq_Value=72000000
RCC.FCLKCortexFreq_Value=72000000
RCC.FamilyName=M
RCC.HCLKFreq_Value=72000000
RCC.HRTIM1Freq_Value=144000000
RCC.HRTIMSelection=RCC_HRTIM1CLK_PLLCLK
RCC.HSEPLLFreq_Value=8000000
RCC.HSE_VALUE=8000000
RCC.HSIPLLFreq_Value=4000000
RCC.HSI_VALUE=8000000
RCC.I2C1Freq_Value=8000000
RCC.IPParameters=ADC12outputFreq_Value,AHBFreq_Value,APB1CLKDivider,APB1Freq_Value,APB1TimFreq_Value,APB2Freq_Value,APB2TimFreq_Value,CortexFreq_Value,FCLKCortexFreq_Value,FamilyName,HCLKFreq_Value,HRTIM1Freq_Value,HRTIMSelection,HSEPLLFreq_Value,HSE_VALUE,HSIPLLFreq_Value,HSI_VALUE,I2C1Freq_Value,LSE_VALUE,LSI_VALUE,MCOFreq_Value,PLLCLKFreq_Value,PLLMCOFreq_Value,PLLMUL,PLLSourceVirtual,RTCFreq_Value,RTCHSEDivFreq_Value,SYSCLKFreq_VALUE,SYSCLKSourceVirtual,TIM1Freq_Value,TIM2Freq_Value,USART1Freq_Value,VCOOutput2Freq_Value
RCC.LSE_VALUE=32768
RCC.LSI_VALUE=40000
RCC.MCOFreq_Value=72000000
RCC.PLLCLKFreq_Value=72000000
RCC.PLLMCOFreq_Value=72000000
RCC.PLLMUL=RCC_PLL_MUL9
RCC.PLLSourceVirtual=RCC_PLLSOURCE_HSE
RCC.RTCFreq_Value=40000
RCC.RTCHSEDivFreq_Value=250000
RCC.SYSCLKFreq_VALUE=72000000
RCC.SYSCLKSourceVirtual=RCC_SYSCLKSOURCE_PLLCLK
RCC.TIM1Freq_Value=72000000
RCC.TIM2Freq_Value=72000000
RCC.USART1Freq_Value=36000000
RCC.VCOOutput2Freq_Value=8000000
TIM2.IPParameters=Prescaler,Period
TIM2.Period=999
TIM2.Prescaler=71
USART2.BaudRate=115200
USART2.IPParameters=VirtualMode-Asynchronous,BaudRate
USART2.VirtualMode-Asynchronous=VM_ASYNC
VP_HRTIM1_VS_hrtimMasterTimerNoOutput.Mode=MasterTimer
VP_HRTIM1_VS_hrtimMasterTimerNoOutput.Signal=HRTIM1_VS_hrtimMasterTimerNoOutput
VP_SYS_VS_Systick.Mode=SysTick
VP_SYS_VS_Systick.Signal=SYS_VS_Systick
VP_TIM2_VS_ClockSourceINT.Mode=Internal
VP_TIM2_VS_ClockSourceINT.Signal=TIM2_VS_ClockSourceINT
board=custom
